
Microsoft Visual Studio Solution File, Format Version 12.00
# Visual Studio Version 17
VisualStudioVersion = 17.10.35013.160
MinimumVisualStudioVersion = 10.0.40219.1
Project("{FAE04EC0-301F-11D3-BF4B-00C04F79EFBC}") = "HelloWorld", "HelloWorld\HelloWorld.csproj", "{0274B1BF-6F78-4E5F-9C17-119ED95CD016}"
EndProject
Global
	GlobalSection(SolutionConfigurationPlatforms) = preSolution
		Debug|Any CPU = Debug|Any CPU
		Release|Any CPU = Release|Any CPU
	EndGlobalSection
	GlobalSection(ProjectConfigurationPlatforms) = postSolution
		{0274B1BF-6F78-4E5F-9C17-119ED95CD016}.Debug|Any CPU.ActiveCfg = Debug|Any CPU
		{0274B1BF-6F78-4E5F-9C17-119ED95CD016}.Debug|Any CPU.Build.0 = Debug|Any CPU
		{0274B1BF-6F78-4E5F-9C17-119ED95CD016}.Release|Any CPU.ActiveCfg = Release|Any CPU
		{0274B1BF-6F78-4E5F-9C17-119ED95CD016}.Release|Any CPU.Build.0 = Release|Any CPU
	EndGlobalSection
	GlobalSection(SolutionProperties) = preSolution
		HideSolutionNode = FALSE
	EndGlobalSection
	GlobalSection(ExtensibilityGlobals) = postSolution
		SolutionGuid = {AACCA118-80B5-4721-B1E2-01FD00B459CE}
	EndGlobalSection
EndGlobal
